// !$*UTF8*$!
{
	archiveVersion = 1;
	classes = {
	};
	objectVersion = 46;
	objects = {

/* Begin PBXBuildFile section */
		F807941C19E4A17900555962 /* BuscarViewController.m in Sources */ = {isa = PBXBuildFile; fileRef = F807941B19E4A17900555962 /* BuscarViewController.m */; };
		F807941F19E4AA3900555962 /* ActualizarViewController.m in Sources */ = {isa = PBXBuildFile; fileRef = F807941E19E4AA3900555962 /* ActualizarViewController.m */; };
		F807942219E4AA4200555962 /* BorrarViewController.m in Sources */ = {isa = PBXBuildFile; fileRef = F807942119E4AA4200555962 /* BorrarViewController.m */; };
		F898A77A19E04C42006AB59A /* main.m in Sources */ = {isa = PBXBuildFile; fileRef = F898A77919E04C42006AB59A /* main.m */; };
		F898A77D19E04C42006AB59A /* AppDelegate.m in Sources */ = {isa = PBXBuildFile; fileRef = F898A77C19E04C42006AB59A /* AppDelegate.m */; };
		F898A78019E04C42006AB59A /* ViewController.m in Sources */ = {isa = PBXBuildFile; fileRef = F898A77F19E04C42006AB59A /* ViewController.m */; };
		F898A78319E04C42006AB59A /* Main.storyboard in Resources */ = {isa = PBXBuildFile; fileRef = F898A78119E04C42006AB59A /* Main.storyboard */; };
		F898A78519E04C42006AB59A /* Images.xcassets in Resources */ = {isa = PBXBuildFile; fileRef = F898A78419E04C42006AB59A /* Images.xcassets */; };
		F898A78819E04C42006AB59A /* LaunchScreen.xib in Resources */ = {isa = PBXBuildFile; fileRef = F898A78619E04C42006AB59A /* LaunchScreen.xib */; };
		F898A79419E04C42006AB59A /* SQLiteTests.m in Sources */ = {isa = PBXBuildFile; fileRef = F898A79319E04C42006AB59A /* SQLiteTests.m */; };
		F898A79E19E04EAA006AB59A /* libsqlite3.dylib in Frameworks */ = {isa = PBXBuildFile; fileRef = F898A79D19E04EAA006AB59A /* libsqlite3.dylib */; };
		F898A7A219E050F5006AB59A /* AdicionarViewController.m in Sources */ = {isa = PBXBuildFile; fileRef = F898A7A119E050F5006AB59A /* AdicionarViewController.m */; };
		F898A7A519E0510F006AB59A /* Clients.m in Sources */ = {isa = PBXBuildFile; fileRef = F898A7A419E0510F006AB59A /* Clients.m */; };
/* End PBXBuildFile section */

/* Begin PBXContainerItemProxy section */
		F898A78E19E04C42006AB59A /* PBXContainerItemProxy */ = {
			isa = PBXContainerItemProxy;
			containerPortal = F898A76C19E04C42006AB59A /* Project object */;
			proxyType = 1;
			remoteGlobalIDString = F898A77319E04C42006AB59A;
			remoteInfo = SQLite;
		};
/* End PBXContainerItemProxy section */

/* Begin PBXFileReference section */
		F807941A19E4A17900555962 /* BuscarViewController.h */ = {isa = PBXFileReference; fileEncoding = 4; lastKnownFileType = sourcecode.c.h; path = BuscarViewController.h; sourceTree = "<group>"; };
		F807941B19E4A17900555962 /* BuscarViewController.m */ = {isa = PBXFileReference; fileEncoding = 4; lastKnownFileType = sourcecode.c.objc; path = BuscarViewController.m; sourceTree = "<group>"; };
		F807941D19E4AA3900555962 /* ActualizarViewController.h */ = {isa = PBXFileReference; fileEncoding = 4; lastKnownFileType = sourcecode.c.h; path = ActualizarViewController.h; sourceTree = "<group>"; };
		F807941E19E4AA3900555962 /* ActualizarViewController.m */ = {isa = PBXFileReference; fileEncoding = 4; lastKnownFileType = sourcecode.c.objc; path = ActualizarViewController.m; sourceTree = "<group>"; };
		F807942019E4AA4200555962 /* BorrarViewController.h */ = {isa = PBXFileReference; fileEncoding = 4; lastKnownFileType = sourcecode.c.h; path = BorrarViewController.h; sourceTree = "<group>"; };
		F807942119E4AA4200555962 /* BorrarViewController.m */ = {isa = PBXFileReference; fileEncoding = 4; lastKnownFileType = sourcecode.c.objc; path = BorrarViewController.m; sourceTree = "<group>"; };
		F898A77419E04C42006AB59A /* SQLite.app */ = {isa = PBXFileReference; explicitFileType = wrapper.application; includeInIndex = 0; path = SQLite.app; sourceTree = BUILT_PRODUCTS_DIR; };
		F898A77819E04C42006AB59A /* Info.plist */ = {isa = PBXFileReference; lastKnownFileType = text.plist.xml; path = Info.plist; sourceTree = "<group>"; };
		F898A77919E04C42006AB59A /* main.m */ = {isa = PBXFileReference; lastKnownFileType = sourcecode.c.objc; path = main.m; sourceTree = "<group>"; };
		F898A77B19E04C42006AB59A /* AppDelegate.h */ = {isa = PBXFileReference; lastKnownFileType = sourcecode.c.h; path = AppDelegate.h; sourceTree = "<group>"; };
		F898A77C19E04C42006AB59A /* AppDelegate.m */ = {isa = PBXFileReference; lastKnownFileType = sourcecode.c.objc; path = AppDelegate.m; sourceTree = "<group>"; };
		F898A77E19E04C42006AB59A /* ViewController.h */ = {isa = PBXFileReference; lastKnownFileType = sourcecode.c.h; path = ViewController.h; sourceTree = "<group>"; };
		F898A77F19E04C42006AB59A /* ViewController.m */ = {isa = PBXFileReference; lastKnownFileType = sourcecode.c.objc; path = ViewController.m; sourceTree = "<group>"; };
		F898A78219E04C42006AB59A /* Base */ = {isa = PBXFileReference; lastKnownFileType = file.storyboard; name = Base; path = Base.lproj/Main.storyboard; sourceTree = "<group>"; };
		F898A78419E04C42006AB59A /* Images.xcassets */ = {isa = PBXFileReference; lastKnownFileType = folder.assetcatalog; path = Images.xcassets; sourceTree = "<group>"; };
		F898A78719E04C42006AB59A /* Base */ = {isa = PBXFileReference; lastKnownFileType = file.xib; name = Base; path = Base.lproj/LaunchScreen.xib; sourceTree = "<group>"; };
		F898A78D19E04C42006AB59A /* SQLiteTests.xctest */ = {isa = PBXFileReference; explicitFileType = wrapper.cfbundle; includeInIndex = 0; path = SQLiteTests.xctest; sourceTree = BUILT_PRODUCTS_DIR; };
		F898A79219E04C42006AB59A /* Info.plist */ = {isa = PBXFileReference; lastKnownFileType = text.plist.xml; path = Info.plist; sourceTree = "<group>"; };
		F898A79319E04C42006AB59A /* SQLiteTests.m */ = {isa = PBXFileReference; lastKnownFileType = sourcecode.c.objc; path = SQLiteTests.m; sourceTree = "<group>"; };
		F898A79D19E04EAA006AB59A /* libsqlite3.dylib */ = {isa = PBXFileReference; lastKnownFileType = "compiled.mach-o.dylib"; name = libsqlite3.dylib; path = usr/lib/libsqlite3.dylib; sourceTree = SDKROOT; };
		F898A7A019E050F5006AB59A /* AdicionarViewController.h */ = {isa = PBXFileReference; fileEncoding = 4; lastKnownFileType = sourcecode.c.h; path = AdicionarViewController.h; sourceTree = "<group>"; };
		F898A7A119E050F5006AB59A /* AdicionarViewController.m */ = {isa = PBXFileReference; fileEncoding = 4; lastKnownFileType = sourcecode.c.objc; path = AdicionarViewController.m; sourceTree = "<group>"; };
		F898A7A319E0510F006AB59A /* Clients.h */ = {isa = PBXFileReference; fileEncoding = 4; lastKnownFileType = sourcecode.c.h; path = Clients.h; sourceTree = "<group>"; };
		F898A7A419E0510F006AB59A /* Clients.m */ = {isa = PBXFileReference; fileEncoding = 4; lastKnownFileType = sourcecode.c.objc; path = Clients.m; sourceTree = "<group>"; };
/* End PBXFileReference section */

/* Begin PBXFrameworksBuildPhase section */
		F898A77119E04C42006AB59A /* Frameworks */ = {
			isa = PBXFrameworksBuildPhase;
			buildActionMask = 2147483647;
			files = (
				F898A79E19E04EAA006AB59A /* libsqlite3.dylib in Frameworks */,
			);
			runOnlyForDeploymentPostprocessing = 0;
		};
		F898A78A19E04C42006AB59A /* Frameworks */ = {
			isa = PBXFrameworksBuildPhase;
			buildActionMask = 2147483647;
			files = (
			);
			runOnlyForDeploymentPostprocessing = 0;
		};
/* End PBXFrameworksBuildPhase section */

/* Begin PBXGroup section */
		F898A76B19E04C42006AB59A = {
			isa = PBXGroup;
			children = (
				F807942019E4AA4200555962 /* BorrarViewController.h */,
				F807942119E4AA4200555962 /* BorrarViewController.m */,
				F807941D19E4AA3900555962 /* ActualizarViewController.h */,
				F807941E19E4AA3900555962 /* ActualizarViewController.m */,
				F898A7A319E0510F006AB59A /* Clients.h */,
				F898A7A419E0510F006AB59A /* Clients.m */,
				F807941A19E4A17900555962 /* BuscarViewController.h */,
				F807941B19E4A17900555962 /* BuscarViewController.m */,
				F898A7A019E050F5006AB59A /* AdicionarViewController.h */,
				F898A7A119E050F5006AB59A /* AdicionarViewController.m */,
				F898A79F19E04ED0006AB59A /* Frameworks */,
				F898A77619E04C42006AB59A /* SQLite */,
				F898A79019E04C42006AB59A /* SQLiteTests */,
				F898A77519E04C42006AB59A /* Products */,
			);
			sourceTree = "<group>";
		};
		F898A77519E04C42006AB59A /* Products */ = {
			isa = PBXGroup;
			children = (
				F898A77419E04C42006AB59A /* SQLite.app */,
				F898A78D19E04C42006AB59A /* SQLiteTests.xctest */,
			);
			name = Products;
			sourceTree = "<group>";
		};
		F898A77619E04C42006AB59A /* SQLite */ = {
			isa = PBXGroup;
			children = (
				F898A77B19E04C42006AB59A /* AppDelegate.h */,
				F898A77C19E04C42006AB59A /* AppDelegate.m */,
				F898A77E19E04C42006AB59A /* ViewController.h */,
				F898A77F19E04C42006AB59A /* ViewController.m */,
				F898A78119E04C42006AB59A /* Main.storyboard */,
				F898A78419E04C42006AB59A /* Images.xcassets */,
				F898A78619E04C42006AB59A /* LaunchScreen.xib */,
				F898A77719E04C42006AB59A /* Supporting Files */,
			);
			path = SQLite;
			sourceTree = "<group>";
		};
		F898A77719E04C42006AB59A /* Supporting Files */ = {
			isa = PBXGroup;
			children = (
				F898A77819E04C42006AB59A /* Info.plist */,
				F898A77919E04C42006AB59A /* main.m */,
			);
			name = "Supporting Files";
			sourceTree = "<group>";
		};
		F898A79019E04C42006AB59A /* SQLiteTests */ = {
			isa = PBXGroup;
			children = (
				F898A79319E04C42006AB59A /* SQLiteTests.m */,
				F898A79119E04C42006AB59A /* Supporting Files */,
			);
			path = SQLiteTests;
			sourceTree = "<group>";
		};
		F898A79119E04C42006AB59A /* Supporting Files */ = {
			isa = PBXGroup;
			children = (
				F898A79219E04C42006AB59A /* Info.plist */,
			);
			name = "Supporting Files";
			sourceTree = "<group>";
		};
		F898A79F19E04ED0006AB59A /* Frameworks */ = {
			isa = PBXGroup;
			children = (
				F898A79D19E04EAA006AB59A /* libsqlite3.dylib */,
			);
			name = Frameworks;
			sourceTree = "<group>";
		};
/* End PBXGroup section */

/* Begin PBXNativeTarget section */
		F898A77319E04C42006AB59A /* SQLite */ = {
			isa = PBXNativeTarget;
			buildConfigurationList = F898A79719E04C42006AB59A /* Build configuration list for PBXNativeTarget "SQLite" */;
			buildPhases = (
				F898A77019E04C42006AB59A /* Sources */,
				F898A77119E04C42006AB59A /* Frameworks */,
				F898A77219E04C42006AB59A /* Resources */,
			);
			buildRules = (
			);
			dependencies = (
			);
			name = SQLite;
			productName = SQLite;
			productReference = F898A77419E04C42006AB59A /* SQLite.app */;
			productType = "com.apple.product-type.application";
		};
		F898A78C19E04C42006AB59A /* SQLiteTests */ = {
			isa = PBXNativeTarget;
			buildConfigurationList = F898A79A19E04C42006AB59A /* Build configuration list for PBXNativeTarget "SQLiteTests" */;
			buildPhases = (
				F898A78919E04C42006AB59A /* Sources */,
				F898A78A19E04C42006AB59A /* Frameworks */,
				F898A78B19E04C42006AB59A /* Resources */,
			);
			buildRules = (
			);
			dependencies = (
				F898A78F19E04C42006AB59A /* PBXTargetDependency */,
			);
			name = SQLiteTests;
			productName = SQLiteTests;
			productReference = F898A78D19E04C42006AB59A /* SQLiteTests.xctest */;
			productType = "com.apple.product-type.bundle.unit-test";
		};
/* End PBXNativeTarget section */

/* Begin PBXProject section */
		F898A76C19E04C42006AB59A /* Project object */ = {
			isa = PBXProject;
			attributes = {
				LastUpgradeCheck = 0610;
				ORGANIZATIONNAME = Profesor;
				TargetAttributes = {
					F898A77319E04C42006AB59A = {
						CreatedOnToolsVersion = 6.1;
					};
					F898A78C19E04C42006AB59A = {
						CreatedOnToolsVersion = 6.1;
						TestTargetID = F898A77319E04C42006AB59A;
					};
				};
			};
			buildConfigurationList = F898A76F19E04C42006AB59A /* Build configuration list for PBXProject "SQLite" */;
			compatibilityVersion = "Xcode 3.2";
			developmentRegion = English;
			hasScannedForEncodings = 0;
			knownRegions = (
				en,
				Base,
			);
			mainGroup = F898A76B19E04C42006AB59A;
			productRefGroup = F898A77519E04C42006AB59A /* Products */;
			projectDirPath = "";
			projectRoot = "";
			targets = (
				F898A77319E04C42006AB59A /* SQLite */,
				F898A78C19E04C42006AB59A /* SQLiteTests */,
			);
		};
/* End PBXProject section */

/* Begin PBXResourcesBuildPhase section */
		F898A77219E04C42006AB59A /* Resources */ = {
			isa = PBXResourcesBuildPhase;
			buildActionMask = 2147483647;
			files = (
				F898A78319E04C42006AB59A /* Main.storyboard in Resources */,
				F898A78819E04C42006AB59A /* LaunchScreen.xib in Resources */,
				F898A78519E04C42006AB59A /* Images.xcassets in Resources */,
			);
			runOnlyForDeploymentPostprocessing = 0;
		};
		F898A78B19E04C42006AB59A /* Resources */ = {
			isa = PBXResourcesBuildPhase;
			buildActionMask = 2147483647;
			files = (
			);
			runOnlyForDeploymentPostprocessing = 0;
		};
/* End PBXResourcesBuildPhase section */

/* Begin PBXSourcesBuildPhase section */
		F898A77019E04C42006AB59A /* Sources */ = {
			isa = PBXSourcesBuildPhase;
			buildActionMask = 2147483647;
			files = (
				F807942219E4AA4200555962 /* BorrarViewController.m in Sources */,
				F807941F19E4AA3900555962 /* ActualizarViewController.m in Sources */,
				F807941C19E4A17900555962 /* BuscarViewController.m in Sources */,
				F898A78019E04C42006AB59A /* ViewController.m in Sources */,
				F898A7A219E050F5006AB59A /* AdicionarViewController.m in Sources */,
				F898A7A519E0510F006AB59A /* Clients.m in Sources */,
				F898A77D19E04C42006AB59A /* AppDelegate.m in Sources */,
				F898A77A19E04C42006AB59A /* main.m in Sources */,
			);
			runOnlyForDeploymentPostprocessing = 0;
		};
		F898A78919E04C42006AB59A /* Sources */ = {
			isa = PBXSourcesBuildPhase;
			buildActionMask = 2147483647;
			files = (
				F898A79419E04C42006AB59A /* SQLiteTests.m in Sources */,
			);
			runOnlyForDeploymentPostprocessing = 0;
		};
/* End PBXSourcesBuildPhase section */

/* Begin PBXTargetDependency section */
		F898A78F19E04C42006AB59A /* PBXTargetDependency */ = {
			isa = PBXTargetDependency;
			target = F898A77319E04C42006AB59A /* SQLite */;
			targetProxy = F898A78E19E04C42006AB59A /* PBXContainerItemProxy */;
		};
/* End PBXTargetDependency section */

/* Begin PBXVariantGroup section */
		F898A78119E04C42006AB59A /* Main.storyboard */ = {
			isa = PBXVariantGroup;
			children = (
				F898A78219E04C42006AB59A /* Base */,
			);
			name = Main.storyboard;
			sourceTree = "<group>";
		};
		F898A78619E04C42006AB59A /* LaunchScreen.xib */ = {
			isa = PBXVariantGroup;
			children = (
				F898A78719E04C42006AB59A /* Base */,
			);
			name = LaunchScreen.xib;
			sourceTree = "<group>";
		};
/* End PBXVariantGroup section */

/* Begin XCBuildConfiguration section */
		F898A79519E04C42006AB59A /* Debug */ = {
			isa = XCBuildConfiguration;
			buildSettings = {
				ALWAYS_SEARCH_USER_PATHS = NO;
				CLANG_CXX_LANGUAGE_STANDARD = "gnu++0x";
				CLANG_CXX_LIBRARY = "libc++";
				CLANG_ENABLE_MODULES = YES;
				CLANG_ENABLE_OBJC_ARC = YES;
				CLANG_WARN_BOOL_CONVERSION = YES;
				CLANG_WARN_CONSTANT_CONVERSION = YES;
				CLANG_WARN_DIRECT_OBJC_ISA_USAGE = YES_ERROR;
				CLANG_WARN_EMPTY_BODY = YES;
				CLANG_WARN_ENUM_CONVERSION = YES;
				CLANG_WARN_INT_CONVERSION = YES;
				CLANG_WARN_OBJC_ROOT_CLASS = YES_ERROR;
				CLANG_WARN_UNREACHABLE_CODE = YES;
				CLANG_WARN__DUPLICATE_METHOD_MATCH = YES;
				"CODE_SIGN_IDENTITY[sdk=iphoneos*]" = "iPhone Developer";
				COPY_PHASE_STRIP = NO;
				ENABLE_STRICT_OBJC_MSGSEND = YES;
				GCC_C_LANGUAGE_STANDARD = gnu99;
				GCC_DYNAMIC_NO_PIC = NO;
				GCC_OPTIMIZATION_LEVEL = 0;
				GCC_PREPROCESSOR_DEFINITIONS = (
					"DEBUG=1",
					"$(inherited)",
				);
				GCC_SYMBOLS_PRIVATE_EXTERN = NO;
				GCC_WARN_64_TO_32_BIT_CONVERSION = YES;
				GCC_WARN_ABOUT_RETURN_TYPE = YES_ERROR;
				GCC_WARN_UNDECLARED_SELECTOR = YES;
				GCC_WARN_UNINITIALIZED_AUTOS = YES_AGGRESSIVE;
				GCC_WARN_UNUSED_FUNCTION = YES;
				GCC_WARN_UNUSED_VARIABLE = YES;
				IPHONEOS_DEPLOYMENT_TARGET = 8.1;
				MTL_ENABLE_DEBUG_INFO = YES;
				ONLY_ACTIVE_ARCH = YES;
				SDKROOT = iphoneos;
			};
			name = Debug;
		};
		F898A79619E04C42006AB59A /* Release */ = {
			isa = XCBuildConfiguration;
			buildSettings = {
				ALWAYS_SEARCH_USER_PATHS = NO;
				CLANG_CXX_LANGUAGE_STANDARD = "gnu++0x";
				CLANG_CXX_LIBRARY = "libc++";
				CLANG_ENABLE_MODULES = YES;
				CLANG_ENABLE_OBJC_ARC = YES;
				CLANG_WARN_BOOL_CONVERSION = YES;
				CLANG_WARN_CONSTANT_CONVERSION = YES;
				CLANG_WARN_DIRECT_OBJC_ISA_USAGE = YES_ERROR;
				CLANG_WARN_EMPTY_BODY = YES;
				CLANG_WARN_ENUM_CONVERSION = YES;
				CLANG_WARN_INT_CONVERSION = YES;
				CLANG_WARN_OBJC_ROOT_CLASS = YES_ERROR;
				CLANG_WARN_UNREACHABLE_CODE = YES;
				CLANG_WARN__DUPLICATE_METHOD_MATCH = YES;
				"CODE_SIGN_IDENTITY[sdk=iphoneos*]" = "iPhone Developer";
				COPY_PHASE_STRIP = YES;
				ENABLE_NS_ASSERTIONS = NO;
				ENABLE_STRICT_OBJC_MSGSEND = YES;
				GCC_C_LANGUAGE_STANDARD = gnu99;
				GCC_WARN_64_TO_32_BIT_CONVERSION = YES;
				GCC_WARN_ABOUT_RETURN_TYPE = YES_ERROR;
				GCC_WARN_UNDECLARED_SELECTOR = YES;
				GCC_WARN_UNINITIALIZED_AUTOS = YES_AGGRESSIVE;
				GCC_WARN_UNUSED_FUNCTION = YES;
				GCC_WARN_UNUSED_VARIABLE = YES;
				IPHONEOS_DEPLOYMENT_TARGET = 8.1;
				MTL_ENABLE_DEBUG_INFO = NO;
				SDKROOT = iphoneos;
				VALIDATE_PRODUCT = YES;
			};
			name = Release;
		};
		F898A79819E04C42006AB59A /* Debug */ = {
			isa = XCBuildConfiguration;
			buildSettings = {
				ASSETCATALOG_COMPILER_APPICON_NAME = AppIcon;
				INFOPLIST_FILE = SQLite/Info.plist;
				IPHONEOS_DEPLOYMENT_TARGET = 7.1;
				LD_RUNPATH_SEARCH_PATHS = "$(inherited) @executable_path/Frameworks";
				PRODUCT_NAME = "$(TARGET_NAME)";
			};
			name = Debug;
		};
		F898A79919E04C42006AB59A /* Release */ = {
			isa = XCBuildConfiguration;
			buildSettings = {
				ASSETCATALOG_COMPILER_APPICON_NAME = AppIcon;
				INFOPLIST_FILE = SQLite/Info.plist;
				IPHONEOS_DEPLOYMENT_TARGET = 7.1;
				LD_RUNPATH_SEARCH_PATHS = "$(inherited) @executable_path/Frameworks";
				PRODUCT_NAME = "$(TARGET_NAME)";
			};
			name = Release;
		};
		F898A79B19E04C42006AB59A /* Debug */ = {
			isa = XCBuildConfiguration;
			buildSettings = {
				BUNDLE_LOADER = "$(TEST_HOST)";
				FRAMEWORK_SEARCH_PATHS = (
					"$(SDKROOT)/Developer/Library/Frameworks",
					"$(inherited)",
				);
				GCC_PREPROCESSOR_DEFINITIONS = (
					"DEBUG=1",
					"$(inherited)",
				);
				INFOPLIST_FILE = SQLiteTests/Info.plist;
				LD_RUNPATH_SEARCH_PATHS = "$(inherited) @executable_path/Frameworks @loader_path/Frameworks";
				PRODUCT_NAME = "$(TARGET_NAME)";
				TEST_HOST = "$(BUILT_PRODUCTS_DIR)/SQLite.app/SQLite";
			};
			name = Debug;
		};
		F898A79C19E04C42006AB59A /* Release */ = {
			isa = XCBuildConfiguration;
			buildSettings = {
				BUNDLE_LOADER = "$(TEST_HOST)";
				FRAMEWORK_SEARCH_PATHS = (
					"$(SDKROOT)/Developer/Library/Frameworks",
					"$(inherited)",
				);
				INFOPLIST_FILE = SQLiteTests/Info.plist;
				LD_RUNPATH_SEARCH_PATHS = "$(inherited) @executable_path/Frameworks @loader_path/Frameworks";
				PRODUCT_NAME = "$(TARGET_NAME)";
				TEST_HOST = "$(BUILT_PRODUCTS_DIR)/SQLite.app/SQLite";
			};
			name = Release;
		};
/* End XCBuildConfiguration section */

/* Begin XCConfigurationList section */
		F898A76F19E04C42006AB59A /* Build configuration list for PBXProject "SQLite" */ = {
			isa = XCConfigurationList;
			buildConfigurations = (
				F898A79519E04C42006AB59A /* Debug */,
				F898A79619E04C42006AB59A /* Release */,
			);
			defaultConfigurationIsVisible = 0;
			defaultConfigurationName = Release;
		};
		F898A79719E04C42006AB59A /* Build configuration list for PBXNativeTarget "SQLite" */ = {
			isa = XCConfigurationList;
			buildConfigurations = (
				F898A79819E04C42006AB59A /* Debug */,
				F898A79919E04C42006AB59A /* Release */,
			);
			defaultConfigurationIsVisible = 0;
			defaultConfigurationName = Release;
		};
		F898A79A19E04C42006AB59A /* Build configuration list for PBXNativeTarget "SQLiteTests" */ = {
			isa = XCConfigurationList;
			buildConfigurations = (
				F898A79B19E04C42006AB59A /* Debug */,
				F898A79C19E04C42006AB59A /* Release */,
			);
			defaultConfigurationIsVisible = 0;
			defaultConfigurationName = Release;
		};
/* End XCConfigurationList section */
	};
	rootObject = F898A76C19E04C42006AB59A /* Project object */;
}
