// !$*UTF8*$!
{
	archiveVersion = 1;
	classes = {
	};
	objectVersion = 46;
	objects = {

/* Begin PBXBuildFile section */
		F891F24F19E76E810019C8DA /* main.m in Sources */ = {isa = PBXBuildFile; fileRef = F891F24E19E76E810019C8DA /* main.m */; };
		F891F25219E76E810019C8DA /* AppDelegate.m in Sources */ = {isa = PBXBuildFile; fileRef = F891F25119E76E810019C8DA /* AppDelegate.m */; };
		F891F25519E76E810019C8DA /* ViewController.m in Sources */ = {isa = PBXBuildFile; fileRef = F891F25419E76E810019C8DA /* ViewController.m */; };
		F891F25819E76E810019C8DA /* Main.storyboard in Resources */ = {isa = PBXBuildFile; fileRef = F891F25619E76E810019C8DA /* Main.storyboard */; };
		F891F25A19E76E810019C8DA /* Images.xcassets in Resources */ = {isa = PBXBuildFile; fileRef = F891F25919E76E810019C8DA /* Images.xcassets */; };
		F891F25D19E76E810019C8DA /* LaunchScreen.xib in Resources */ = {isa = PBXBuildFile; fileRef = F891F25B19E76E810019C8DA /* LaunchScreen.xib */; };
		F891F26919E76E810019C8DA /* Rutas_y_DireccionesTests.m in Sources */ = {isa = PBXBuildFile; fileRef = F891F26819E76E810019C8DA /* Rutas_y_DireccionesTests.m */; };
		F891F27319E76E9D0019C8DA /* CoreLocation.framework in Frameworks */ = {isa = PBXBuildFile; fileRef = F891F27219E76E9D0019C8DA /* CoreLocation.framework */; };
		F891F27519E76EA20019C8DA /* MapKit.framework in Frameworks */ = {isa = PBXBuildFile; fileRef = F891F27419E76EA20019C8DA /* MapKit.framework */; };
/* End PBXBuildFile section */

/* Begin PBXContainerItemProxy section */
		F891F26319E76E810019C8DA /* PBXContainerItemProxy */ = {
			isa = PBXContainerItemProxy;
			containerPortal = F891F24119E76E800019C8DA /* Project object */;
			proxyType = 1;
			remoteGlobalIDString = F891F24819E76E800019C8DA;
			remoteInfo = "Rutas y Direcciones";
		};
/* End PBXContainerItemProxy section */

/* Begin PBXFileReference section */
		F891F24919E76E810019C8DA /* Rutas y Direcciones.app */ = {isa = PBXFileReference; explicitFileType = wrapper.application; includeInIndex = 0; path = "Rutas y Direcciones.app"; sourceTree = BUILT_PRODUCTS_DIR; };
		F891F24D19E76E810019C8DA /* Info.plist */ = {isa = PBXFileReference; lastKnownFileType = text.plist.xml; path = Info.plist; sourceTree = "<group>"; };
		F891F24E19E76E810019C8DA /* main.m */ = {isa = PBXFileReference; lastKnownFileType = sourcecode.c.objc; path = main.m; sourceTree = "<group>"; };
		F891F25019E76E810019C8DA /* AppDelegate.h */ = {isa = PBXFileReference; lastKnownFileType = sourcecode.c.h; path = AppDelegate.h; sourceTree = "<group>"; };
		F891F25119E76E810019C8DA /* AppDelegate.m */ = {isa = PBXFileReference; lastKnownFileType = sourcecode.c.objc; path = AppDelegate.m; sourceTree = "<group>"; };
		F891F25319E76E810019C8DA /* ViewController.h */ = {isa = PBXFileReference; lastKnownFileType = sourcecode.c.h; path = ViewController.h; sourceTree = "<group>"; };
		F891F25419E76E810019C8DA /* ViewController.m */ = {isa = PBXFileReference; lastKnownFileType = sourcecode.c.objc; path = ViewController.m; sourceTree = "<group>"; };
		F891F25719E76E810019C8DA /* Base */ = {isa = PBXFileReference; lastKnownFileType = file.storyboard; name = Base; path = Base.lproj/Main.storyboard; sourceTree = "<group>"; };
		F891F25919E76E810019C8DA /* Images.xcassets */ = {isa = PBXFileReference; lastKnownFileType = folder.assetcatalog; path = Images.xcassets; sourceTree = "<group>"; };
		F891F25C19E76E810019C8DA /* Base */ = {isa = PBXFileReference; lastKnownFileType = file.xib; name = Base; path = Base.lproj/LaunchScreen.xib; sourceTree = "<group>"; };
		F891F26219E76E810019C8DA /* Rutas y DireccionesTests.xctest */ = {isa = PBXFileReference; explicitFileType = wrapper.cfbundle; includeInIndex = 0; path = "Rutas y DireccionesTests.xctest"; sourceTree = BUILT_PRODUCTS_DIR; };
		F891F26719E76E810019C8DA /* Info.plist */ = {isa = PBXFileReference; lastKnownFileType = text.plist.xml; path = Info.plist; sourceTree = "<group>"; };
		F891F26819E76E810019C8DA /* Rutas_y_DireccionesTests.m */ = {isa = PBXFileReference; lastKnownFileType = sourcecode.c.objc; path = Rutas_y_DireccionesTests.m; sourceTree = "<group>"; };
		F891F27219E76E9D0019C8DA /* CoreLocation.framework */ = {isa = PBXFileReference; lastKnownFileType = wrapper.framework; name = CoreLocation.framework; path = System/Library/Frameworks/CoreLocation.framework; sourceTree = SDKROOT; };
		F891F27419E76EA20019C8DA /* MapKit.framework */ = {isa = PBXFileReference; lastKnownFileType = wrapper.framework; name = MapKit.framework; path = System/Library/Frameworks/MapKit.framework; sourceTree = SDKROOT; };
/* End PBXFileReference section */

/* Begin PBXFrameworksBuildPhase section */
		F891F24619E76E800019C8DA /* Frameworks */ = {
			isa = PBXFrameworksBuildPhase;
			buildActionMask = 2147483647;
			files = (
				F891F27519E76EA20019C8DA /* MapKit.framework in Frameworks */,
				F891F27319E76E9D0019C8DA /* CoreLocation.framework in Frameworks */,
			);
			runOnlyForDeploymentPostprocessing = 0;
		};
		F891F25F19E76E810019C8DA /* Frameworks */ = {
			isa = PBXFrameworksBuildPhase;
			buildActionMask = 2147483647;
			files = (
			);
			runOnlyForDeploymentPostprocessing = 0;
		};
/* End PBXFrameworksBuildPhase section */

/* Begin PBXGroup section */
		F891F24019E76E800019C8DA = {
			isa = PBXGroup;
			children = (
				F891F27419E76EA20019C8DA /* MapKit.framework */,
				F891F27219E76E9D0019C8DA /* CoreLocation.framework */,
				F891F24B19E76E810019C8DA /* Rutas y Direcciones */,
				F891F26519E76E810019C8DA /* Rutas y DireccionesTests */,
				F891F24A19E76E810019C8DA /* Products */,
			);
			sourceTree = "<group>";
		};
		F891F24A19E76E810019C8DA /* Products */ = {
			isa = PBXGroup;
			children = (
				F891F24919E76E810019C8DA /* Rutas y Direcciones.app */,
				F891F26219E76E810019C8DA /* Rutas y DireccionesTests.xctest */,
			);
			name = Products;
			sourceTree = "<group>";
		};
		F891F24B19E76E810019C8DA /* Rutas y Direcciones */ = {
			isa = PBXGroup;
			children = (
				F891F25019E76E810019C8DA /* AppDelegate.h */,
				F891F25119E76E810019C8DA /* AppDelegate.m */,
				F891F25319E76E810019C8DA /* ViewController.h */,
				F891F25419E76E810019C8DA /* ViewController.m */,
				F891F25619E76E810019C8DA /* Main.storyboard */,
				F891F25919E76E810019C8DA /* Images.xcassets */,
				F891F25B19E76E810019C8DA /* LaunchScreen.xib */,
				F891F24C19E76E810019C8DA /* Supporting Files */,
			);
			path = "Rutas y Direcciones";
			sourceTree = "<group>";
		};
		F891F24C19E76E810019C8DA /* Supporting Files */ = {
			isa = PBXGroup;
			children = (
				F891F24D19E76E810019C8DA /* Info.plist */,
				F891F24E19E76E810019C8DA /* main.m */,
			);
			name = "Supporting Files";
			sourceTree = "<group>";
		};
		F891F26519E76E810019C8DA /* Rutas y DireccionesTests */ = {
			isa = PBXGroup;
			children = (
				F891F26819E76E810019C8DA /* Rutas_y_DireccionesTests.m */,
				F891F26619E76E810019C8DA /* Supporting Files */,
			);
			path = "Rutas y DireccionesTests";
			sourceTree = "<group>";
		};
		F891F26619E76E810019C8DA /* Supporting Files */ = {
			isa = PBXGroup;
			children = (
				F891F26719E76E810019C8DA /* Info.plist */,
			);
			name = "Supporting Files";
			sourceTree = "<group>";
		};
/* End PBXGroup section */

/* Begin PBXNativeTarget section */
		F891F24819E76E800019C8DA /* Rutas y Direcciones */ = {
			isa = PBXNativeTarget;
			buildConfigurationList = F891F26C19E76E810019C8DA /* Build configuration list for PBXNativeTarget "Rutas y Direcciones" */;
			buildPhases = (
				F891F24519E76E800019C8DA /* Sources */,
				F891F24619E76E800019C8DA /* Frameworks */,
				F891F24719E76E800019C8DA /* Resources */,
			);
			buildRules = (
			);
			dependencies = (
			);
			name = "Rutas y Direcciones";
			productName = "Rutas y Direcciones";
			productReference = F891F24919E76E810019C8DA /* Rutas y Direcciones.app */;
			productType = "com.apple.product-type.application";
		};
		F891F26119E76E810019C8DA /* Rutas y DireccionesTests */ = {
			isa = PBXNativeTarget;
			buildConfigurationList = F891F26F19E76E810019C8DA /* Build configuration list for PBXNativeTarget "Rutas y DireccionesTests" */;
			buildPhases = (
				F891F25E19E76E810019C8DA /* Sources */,
				F891F25F19E76E810019C8DA /* Frameworks */,
				F891F26019E76E810019C8DA /* Resources */,
			);
			buildRules = (
			);
			dependencies = (
				F891F26419E76E810019C8DA /* PBXTargetDependency */,
			);
			name = "Rutas y DireccionesTests";
			productName = "Rutas y DireccionesTests";
			productReference = F891F26219E76E810019C8DA /* Rutas y DireccionesTests.xctest */;
			productType = "com.apple.product-type.bundle.unit-test";
		};
/* End PBXNativeTarget section */

/* Begin PBXProject section */
		F891F24119E76E800019C8DA /* Project object */ = {
			isa = PBXProject;
			attributes = {
				LastUpgradeCheck = 0610;
				ORGANIZATIONNAME = Profesor;
				TargetAttributes = {
					F891F24819E76E800019C8DA = {
						CreatedOnToolsVersion = 6.1;
					};
					F891F26119E76E810019C8DA = {
						CreatedOnToolsVersion = 6.1;
						TestTargetID = F891F24819E76E800019C8DA;
					};
				};
			};
			buildConfigurationList = F891F24419E76E800019C8DA /* Build configuration list for PBXProject "Rutas y Direcciones" */;
			compatibilityVersion = "Xcode 3.2";
			developmentRegion = English;
			hasScannedForEncodings = 0;
			knownRegions = (
				en,
				Base,
			);
			mainGroup = F891F24019E76E800019C8DA;
			productRefGroup = F891F24A19E76E810019C8DA /* Products */;
			projectDirPath = "";
			projectRoot = "";
			targets = (
				F891F24819E76E800019C8DA /* Rutas y Direcciones */,
				F891F26119E76E810019C8DA /* Rutas y DireccionesTests */,
			);
		};
/* End PBXProject section */

/* Begin PBXResourcesBuildPhase section */
		F891F24719E76E800019C8DA /* Resources */ = {
			isa = PBXResourcesBuildPhase;
			buildActionMask = 2147483647;
			files = (
				F891F25819E76E810019C8DA /* Main.storyboard in Resources */,
				F891F25D19E76E810019C8DA /* LaunchScreen.xib in Resources */,
				F891F25A19E76E810019C8DA /* Images.xcassets in Resources */,
			);
			runOnlyForDeploymentPostprocessing = 0;
		};
		F891F26019E76E810019C8DA /* Resources */ = {
			isa = PBXResourcesBuildPhase;
			buildActionMask = 2147483647;
			files = (
			);
			runOnlyForDeploymentPostprocessing = 0;
		};
/* End PBXResourcesBuildPhase section */

/* Begin PBXSourcesBuildPhase section */
		F891F24519E76E800019C8DA /* Sources */ = {
			isa = PBXSourcesBuildPhase;
			buildActionMask = 2147483647;
			files = (
				F891F25519E76E810019C8DA /* ViewController.m in Sources */,
				F891F25219E76E810019C8DA /* AppDelegate.m in Sources */,
				F891F24F19E76E810019C8DA /* main.m in Sources */,
			);
			runOnlyForDeploymentPostprocessing = 0;
		};
		F891F25E19E76E810019C8DA /* Sources */ = {
			isa = PBXSourcesBuildPhase;
			buildActionMask = 2147483647;
			files = (
				F891F26919E76E810019C8DA /* Rutas_y_DireccionesTests.m in Sources */,
			);
			runOnlyForDeploymentPostprocessing = 0;
		};
/* End PBXSourcesBuildPhase section */

/* Begin PBXTargetDependency section */
		F891F26419E76E810019C8DA /* PBXTargetDependency */ = {
			isa = PBXTargetDependency;
			target = F891F24819E76E800019C8DA /* Rutas y Direcciones */;
			targetProxy = F891F26319E76E810019C8DA /* PBXContainerItemProxy */;
		};
/* End PBXTargetDependency section */

/* Begin PBXVariantGroup section */
		F891F25619E76E810019C8DA /* Main.storyboard */ = {
			isa = PBXVariantGroup;
			children = (
				F891F25719E76E810019C8DA /* Base */,
			);
			name = Main.storyboard;
			sourceTree = "<group>";
		};
		F891F25B19E76E810019C8DA /* LaunchScreen.xib */ = {
			isa = PBXVariantGroup;
			children = (
				F891F25C19E76E810019C8DA /* Base */,
			);
			name = LaunchScreen.xib;
			sourceTree = "<group>";
		};
/* End PBXVariantGroup section */

/* Begin XCBuildConfiguration section */
		F891F26A19E76E810019C8DA /* Debug */ = {
			isa = XCBuildConfiguration;
			buildSettings = {
				ALWAYS_SEARCH_USER_PATHS = NO;
				CLANG_CXX_LANGUAGE_STANDARD = "gnu++0x";
				CLANG_CXX_LIBRARY = "libc++";
				CLANG_ENABLE_MODULES = YES;
				CLANG_ENABLE_OBJC_ARC = YES;
				CLANG_WARN_BOOL_CONVERSION = YES;
				CLANG_WARN_CONSTANT_CONVERSION = YES;
				CLANG_WARN_DIRECT_OBJC_ISA_USAGE = YES_ERROR;
				CLANG_WARN_EMPTY_BODY = YES;
				CLANG_WARN_ENUM_CONVERSION = YES;
				CLANG_WARN_INT_CONVERSION = YES;
				CLANG_WARN_OBJC_ROOT_CLASS = YES_ERROR;
				CLANG_WARN_UNREACHABLE_CODE = YES;
				CLANG_WARN__DUPLICATE_METHOD_MATCH = YES;
				"CODE_SIGN_IDENTITY[sdk=iphoneos*]" = "iPhone Developer";
				COPY_PHASE_STRIP = NO;
				ENABLE_STRICT_OBJC_MSGSEND = YES;
				GCC_C_LANGUAGE_STANDARD = gnu99;
				GCC_DYNAMIC_NO_PIC = NO;
				GCC_OPTIMIZATION_LEVEL = 0;
				GCC_PREPROCESSOR_DEFINITIONS = (
					"DEBUG=1",
					"$(inherited)",
				);
				GCC_SYMBOLS_PRIVATE_EXTERN = NO;
				GCC_WARN_64_TO_32_BIT_CONVERSION = YES;
				GCC_WARN_ABOUT_RETURN_TYPE = YES_ERROR;
				GCC_WARN_UNDECLARED_SELECTOR = YES;
				GCC_WARN_UNINITIALIZED_AUTOS = YES_AGGRESSIVE;
				GCC_WARN_UNUSED_FUNCTION = YES;
				GCC_WARN_UNUSED_VARIABLE = YES;
				IPHONEOS_DEPLOYMENT_TARGET = 8.1;
				MTL_ENABLE_DEBUG_INFO = YES;
				ONLY_ACTIVE_ARCH = YES;
				SDKROOT = iphoneos;
			};
			name = Debug;
		};
		F891F26B19E76E810019C8DA /* Release */ = {
			isa = XCBuildConfiguration;
			buildSettings = {
				ALWAYS_SEARCH_USER_PATHS = NO;
				CLANG_CXX_LANGUAGE_STANDARD = "gnu++0x";
				CLANG_CXX_LIBRARY = "libc++";
				CLANG_ENABLE_MODULES = YES;
				CLANG_ENABLE_OBJC_ARC = YES;
				CLANG_WARN_BOOL_CONVERSION = YES;
				CLANG_WARN_CONSTANT_CONVERSION = YES;
				CLANG_WARN_DIRECT_OBJC_ISA_USAGE = YES_ERROR;
				CLANG_WARN_EMPTY_BODY = YES;
				CLANG_WARN_ENUM_CONVERSION = YES;
				CLANG_WARN_INT_CONVERSION = YES;
				CLANG_WARN_OBJC_ROOT_CLASS = YES_ERROR;
				CLANG_WARN_UNREACHABLE_CODE = YES;
				CLANG_WARN__DUPLICATE_METHOD_MATCH = YES;
				"CODE_SIGN_IDENTITY[sdk=iphoneos*]" = "iPhone Developer";
				COPY_PHASE_STRIP = YES;
				ENABLE_NS_ASSERTIONS = NO;
				ENABLE_STRICT_OBJC_MSGSEND = YES;
				GCC_C_LANGUAGE_STANDARD = gnu99;
				GCC_WARN_64_TO_32_BIT_CONVERSION = YES;
				GCC_WARN_ABOUT_RETURN_TYPE = YES_ERROR;
				GCC_WARN_UNDECLARED_SELECTOR = YES;
				GCC_WARN_UNINITIALIZED_AUTOS = YES_AGGRESSIVE;
				GCC_WARN_UNUSED_FUNCTION = YES;
				GCC_WARN_UNUSED_VARIABLE = YES;
				IPHONEOS_DEPLOYMENT_TARGET = 8.1;
				MTL_ENABLE_DEBUG_INFO = NO;
				SDKROOT = iphoneos;
				VALIDATE_PRODUCT = YES;
			};
			name = Release;
		};
		F891F26D19E76E810019C8DA /* Debug */ = {
			isa = XCBuildConfiguration;
			buildSettings = {
				ASSETCATALOG_COMPILER_APPICON_NAME = AppIcon;
				INFOPLIST_FILE = "Rutas y Direcciones/Info.plist";
				IPHONEOS_DEPLOYMENT_TARGET = 7.1;
				LD_RUNPATH_SEARCH_PATHS = "$(inherited) @executable_path/Frameworks";
				PRODUCT_NAME = "$(TARGET_NAME)";
			};
			name = Debug;
		};
		F891F26E19E76E810019C8DA /* Release */ = {
			isa = XCBuildConfiguration;
			buildSettings = {
				ASSETCATALOG_COMPILER_APPICON_NAME = AppIcon;
				INFOPLIST_FILE = "Rutas y Direcciones/Info.plist";
				IPHONEOS_DEPLOYMENT_TARGET = 7.1;
				LD_RUNPATH_SEARCH_PATHS = "$(inherited) @executable_path/Frameworks";
				PRODUCT_NAME = "$(TARGET_NAME)";
			};
			name = Release;
		};
		F891F27019E76E810019C8DA /* Debug */ = {
			isa = XCBuildConfiguration;
			buildSettings = {
				BUNDLE_LOADER = "$(TEST_HOST)";
				FRAMEWORK_SEARCH_PATHS = (
					"$(SDKROOT)/Developer/Library/Frameworks",
					"$(inherited)",
				);
				GCC_PREPROCESSOR_DEFINITIONS = (
					"DEBUG=1",
					"$(inherited)",
				);
				INFOPLIST_FILE = "Rutas y DireccionesTests/Info.plist";
				LD_RUNPATH_SEARCH_PATHS = "$(inherited) @executable_path/Frameworks @loader_path/Frameworks";
				PRODUCT_NAME = "$(TARGET_NAME)";
				TEST_HOST = "$(BUILT_PRODUCTS_DIR)/Rutas y Direcciones.app/Rutas y Direcciones";
			};
			name = Debug;
		};
		F891F27119E76E810019C8DA /* Release */ = {
			isa = XCBuildConfiguration;
			buildSettings = {
				BUNDLE_LOADER = "$(TEST_HOST)";
				FRAMEWORK_SEARCH_PATHS = (
					"$(SDKROOT)/Developer/Library/Frameworks",
					"$(inherited)",
				);
				INFOPLIST_FILE = "Rutas y DireccionesTests/Info.plist";
				LD_RUNPATH_SEARCH_PATHS = "$(inherited) @executable_path/Frameworks @loader_path/Frameworks";
				PRODUCT_NAME = "$(TARGET_NAME)";
				TEST_HOST = "$(BUILT_PRODUCTS_DIR)/Rutas y Direcciones.app/Rutas y Direcciones";
			};
			name = Release;
		};
/* End XCBuildConfiguration section */

/* Begin XCConfigurationList section */
		F891F24419E76E800019C8DA /* Build configuration list for PBXProject "Rutas y Direcciones" */ = {
			isa = XCConfigurationList;
			buildConfigurations = (
				F891F26A19E76E810019C8DA /* Debug */,
				F891F26B19E76E810019C8DA /* Release */,
			);
			defaultConfigurationIsVisible = 0;
			defaultConfigurationName = Release;
		};
		F891F26C19E76E810019C8DA /* Build configuration list for PBXNativeTarget "Rutas y Direcciones" */ = {
			isa = XCConfigurationList;
			buildConfigurations = (
				F891F26D19E76E810019C8DA /* Debug */,
				F891F26E19E76E810019C8DA /* Release */,
			);
			defaultConfigurationIsVisible = 0;
		};
		F891F26F19E76E810019C8DA /* Build configuration list for PBXNativeTarget "Rutas y DireccionesTests" */ = {
			isa = XCConfigurationList;
			buildConfigurations = (
				F891F27019E76E810019C8DA /* Debug */,
				F891F27119E76E810019C8DA /* Release */,
			);
			defaultConfigurationIsVisible = 0;
		};
/* End XCConfigurationList section */
	};
	rootObject = F891F24119E76E800019C8DA /* Project object */;
}
