// !$*UTF8*$!
{
	archiveVersion = 1;
	classes = {
	};
	objectVersion = 46;
	objects = {

/* Begin PBXBuildFile section */
		F800898B19E987C4004BB11A /* main.m in Sources */ = {isa = PBXBuildFile; fileRef = F800898A19E987C4004BB11A /* main.m */; };
		F800898E19E987C4004BB11A /* AppDelegate.m in Sources */ = {isa = PBXBuildFile; fileRef = F800898D19E987C4004BB11A /* AppDelegate.m */; };
		F800899119E987C4004BB11A /* ViewController.m in Sources */ = {isa = PBXBuildFile; fileRef = F800899019E987C4004BB11A /* ViewController.m */; };
		F800899419E987C4004BB11A /* Main.storyboard in Resources */ = {isa = PBXBuildFile; fileRef = F800899219E987C4004BB11A /* Main.storyboard */; };
		F800899619E987C4004BB11A /* Images.xcassets in Resources */ = {isa = PBXBuildFile; fileRef = F800899519E987C4004BB11A /* Images.xcassets */; };
		F800899919E987C4004BB11A /* LaunchScreen.xib in Resources */ = {isa = PBXBuildFile; fileRef = F800899719E987C4004BB11A /* LaunchScreen.xib */; };
		F80089A519E987C4004BB11A /* GestosTests.m in Sources */ = {isa = PBXBuildFile; fileRef = F80089A419E987C4004BB11A /* GestosTests.m */; };
		F80089B219E987F1004BB11A /* chomp.wav in Resources */ = {isa = PBXBuildFile; fileRef = F80089AE19E987F1004BB11A /* chomp.wav */; };
		F80089B319E987F1004BB11A /* hehehe1.wav in Resources */ = {isa = PBXBuildFile; fileRef = F80089AF19E987F1004BB11A /* hehehe1.wav */; };
		F80089B419E987F1004BB11A /* monkey_1.png in Resources */ = {isa = PBXBuildFile; fileRef = F80089B019E987F1004BB11A /* monkey_1.png */; };
		F80089B519E987F1004BB11A /* object_bananabunch.png in Resources */ = {isa = PBXBuildFile; fileRef = F80089B119E987F1004BB11A /* object_bananabunch.png */; };
		F80089B719E989B7004BB11A /* AVFoundation.framework in Frameworks */ = {isa = PBXBuildFile; fileRef = F80089B619E989B7004BB11A /* AVFoundation.framework */; };
/* End PBXBuildFile section */

/* Begin PBXContainerItemProxy section */
		F800899F19E987C4004BB11A /* PBXContainerItemProxy */ = {
			isa = PBXContainerItemProxy;
			containerPortal = F800897D19E987C4004BB11A /* Project object */;
			proxyType = 1;
			remoteGlobalIDString = F800898419E987C4004BB11A;
			remoteInfo = Gestos;
		};
/* End PBXContainerItemProxy section */

/* Begin PBXFileReference section */
		F800898519E987C4004BB11A /* Gestos.app */ = {isa = PBXFileReference; explicitFileType = wrapper.application; includeInIndex = 0; path = Gestos.app; sourceTree = BUILT_PRODUCTS_DIR; };
		F800898919E987C4004BB11A /* Info.plist */ = {isa = PBXFileReference; lastKnownFileType = text.plist.xml; path = Info.plist; sourceTree = "<group>"; };
		F800898A19E987C4004BB11A /* main.m */ = {isa = PBXFileReference; lastKnownFileType = sourcecode.c.objc; path = main.m; sourceTree = "<group>"; };
		F800898C19E987C4004BB11A /* AppDelegate.h */ = {isa = PBXFileReference; lastKnownFileType = sourcecode.c.h; path = AppDelegate.h; sourceTree = "<group>"; };
		F800898D19E987C4004BB11A /* AppDelegate.m */ = {isa = PBXFileReference; lastKnownFileType = sourcecode.c.objc; path = AppDelegate.m; sourceTree = "<group>"; };
		F800898F19E987C4004BB11A /* ViewController.h */ = {isa = PBXFileReference; lastKnownFileType = sourcecode.c.h; path = ViewController.h; sourceTree = "<group>"; };
		F800899019E987C4004BB11A /* ViewController.m */ = {isa = PBXFileReference; lastKnownFileType = sourcecode.c.objc; path = ViewController.m; sourceTree = "<group>"; };
		F800899319E987C4004BB11A /* Base */ = {isa = PBXFileReference; lastKnownFileType = file.storyboard; name = Base; path = Base.lproj/Main.storyboard; sourceTree = "<group>"; };
		F800899519E987C4004BB11A /* Images.xcassets */ = {isa = PBXFileReference; lastKnownFileType = folder.assetcatalog; path = Images.xcassets; sourceTree = "<group>"; };
		F800899819E987C4004BB11A /* Base */ = {isa = PBXFileReference; lastKnownFileType = file.xib; name = Base; path = Base.lproj/LaunchScreen.xib; sourceTree = "<group>"; };
		F800899E19E987C4004BB11A /* GestosTests.xctest */ = {isa = PBXFileReference; explicitFileType = wrapper.cfbundle; includeInIndex = 0; path = GestosTests.xctest; sourceTree = BUILT_PRODUCTS_DIR; };
		F80089A319E987C4004BB11A /* Info.plist */ = {isa = PBXFileReference; lastKnownFileType = text.plist.xml; path = Info.plist; sourceTree = "<group>"; };
		F80089A419E987C4004BB11A /* GestosTests.m */ = {isa = PBXFileReference; lastKnownFileType = sourcecode.c.objc; path = GestosTests.m; sourceTree = "<group>"; };
		F80089AE19E987F1004BB11A /* chomp.wav */ = {isa = PBXFileReference; lastKnownFileType = audio.wav; path = chomp.wav; sourceTree = "<group>"; };
		F80089AF19E987F1004BB11A /* hehehe1.wav */ = {isa = PBXFileReference; lastKnownFileType = audio.wav; path = hehehe1.wav; sourceTree = "<group>"; };
		F80089B019E987F1004BB11A /* monkey_1.png */ = {isa = PBXFileReference; lastKnownFileType = image.png; path = monkey_1.png; sourceTree = "<group>"; };
		F80089B119E987F1004BB11A /* object_bananabunch.png */ = {isa = PBXFileReference; lastKnownFileType = image.png; path = object_bananabunch.png; sourceTree = "<group>"; };
		F80089B619E989B7004BB11A /* AVFoundation.framework */ = {isa = PBXFileReference; lastKnownFileType = wrapper.framework; name = AVFoundation.framework; path = System/Library/Frameworks/AVFoundation.framework; sourceTree = SDKROOT; };
/* End PBXFileReference section */

/* Begin PBXFrameworksBuildPhase section */
		F800898219E987C4004BB11A /* Frameworks */ = {
			isa = PBXFrameworksBuildPhase;
			buildActionMask = 2147483647;
			files = (
				F80089B719E989B7004BB11A /* AVFoundation.framework in Frameworks */,
			);
			runOnlyForDeploymentPostprocessing = 0;
		};
		F800899B19E987C4004BB11A /* Frameworks */ = {
			isa = PBXFrameworksBuildPhase;
			buildActionMask = 2147483647;
			files = (
			);
			runOnlyForDeploymentPostprocessing = 0;
		};
/* End PBXFrameworksBuildPhase section */

/* Begin PBXGroup section */
		F800897C19E987C4004BB11A = {
			isa = PBXGroup;
			children = (
				F80089B619E989B7004BB11A /* AVFoundation.framework */,
				F80089AE19E987F1004BB11A /* chomp.wav */,
				F80089AF19E987F1004BB11A /* hehehe1.wav */,
				F80089B019E987F1004BB11A /* monkey_1.png */,
				F80089B119E987F1004BB11A /* object_bananabunch.png */,
				F800898719E987C4004BB11A /* Gestos */,
				F80089A119E987C4004BB11A /* GestosTests */,
				F800898619E987C4004BB11A /* Products */,
			);
			sourceTree = "<group>";
		};
		F800898619E987C4004BB11A /* Products */ = {
			isa = PBXGroup;
			children = (
				F800898519E987C4004BB11A /* Gestos.app */,
				F800899E19E987C4004BB11A /* GestosTests.xctest */,
			);
			name = Products;
			sourceTree = "<group>";
		};
		F800898719E987C4004BB11A /* Gestos */ = {
			isa = PBXGroup;
			children = (
				F800898C19E987C4004BB11A /* AppDelegate.h */,
				F800898D19E987C4004BB11A /* AppDelegate.m */,
				F800898F19E987C4004BB11A /* ViewController.h */,
				F800899019E987C4004BB11A /* ViewController.m */,
				F800899219E987C4004BB11A /* Main.storyboard */,
				F800899519E987C4004BB11A /* Images.xcassets */,
				F800899719E987C4004BB11A /* LaunchScreen.xib */,
				F800898819E987C4004BB11A /* Supporting Files */,
			);
			path = Gestos;
			sourceTree = "<group>";
		};
		F800898819E987C4004BB11A /* Supporting Files */ = {
			isa = PBXGroup;
			children = (
				F800898919E987C4004BB11A /* Info.plist */,
				F800898A19E987C4004BB11A /* main.m */,
			);
			name = "Supporting Files";
			sourceTree = "<group>";
		};
		F80089A119E987C4004BB11A /* GestosTests */ = {
			isa = PBXGroup;
			children = (
				F80089A419E987C4004BB11A /* GestosTests.m */,
				F80089A219E987C4004BB11A /* Supporting Files */,
			);
			path = GestosTests;
			sourceTree = "<group>";
		};
		F80089A219E987C4004BB11A /* Supporting Files */ = {
			isa = PBXGroup;
			children = (
				F80089A319E987C4004BB11A /* Info.plist */,
			);
			name = "Supporting Files";
			sourceTree = "<group>";
		};
/* End PBXGroup section */

/* Begin PBXNativeTarget section */
		F800898419E987C4004BB11A /* Gestos */ = {
			isa = PBXNativeTarget;
			buildConfigurationList = F80089A819E987C4004BB11A /* Build configuration list for PBXNativeTarget "Gestos" */;
			buildPhases = (
				F800898119E987C4004BB11A /* Sources */,
				F800898219E987C4004BB11A /* Frameworks */,
				F800898319E987C4004BB11A /* Resources */,
			);
			buildRules = (
			);
			dependencies = (
			);
			name = Gestos;
			productName = Gestos;
			productReference = F800898519E987C4004BB11A /* Gestos.app */;
			productType = "com.apple.product-type.application";
		};
		F800899D19E987C4004BB11A /* GestosTests */ = {
			isa = PBXNativeTarget;
			buildConfigurationList = F80089AB19E987C4004BB11A /* Build configuration list for PBXNativeTarget "GestosTests" */;
			buildPhases = (
				F800899A19E987C4004BB11A /* Sources */,
				F800899B19E987C4004BB11A /* Frameworks */,
				F800899C19E987C4004BB11A /* Resources */,
			);
			buildRules = (
			);
			dependencies = (
				F80089A019E987C4004BB11A /* PBXTargetDependency */,
			);
			name = GestosTests;
			productName = GestosTests;
			productReference = F800899E19E987C4004BB11A /* GestosTests.xctest */;
			productType = "com.apple.product-type.bundle.unit-test";
		};
/* End PBXNativeTarget section */

/* Begin PBXProject section */
		F800897D19E987C4004BB11A /* Project object */ = {
			isa = PBXProject;
			attributes = {
				LastUpgradeCheck = 0610;
				ORGANIZATIONNAME = Profesor;
				TargetAttributes = {
					F800898419E987C4004BB11A = {
						CreatedOnToolsVersion = 6.1;
					};
					F800899D19E987C4004BB11A = {
						CreatedOnToolsVersion = 6.1;
						TestTargetID = F800898419E987C4004BB11A;
					};
				};
			};
			buildConfigurationList = F800898019E987C4004BB11A /* Build configuration list for PBXProject "Gestos" */;
			compatibilityVersion = "Xcode 3.2";
			developmentRegion = English;
			hasScannedForEncodings = 0;
			knownRegions = (
				en,
				Base,
			);
			mainGroup = F800897C19E987C4004BB11A;
			productRefGroup = F800898619E987C4004BB11A /* Products */;
			projectDirPath = "";
			projectRoot = "";
			targets = (
				F800898419E987C4004BB11A /* Gestos */,
				F800899D19E987C4004BB11A /* GestosTests */,
			);
		};
/* End PBXProject section */

/* Begin PBXResourcesBuildPhase section */
		F800898319E987C4004BB11A /* Resources */ = {
			isa = PBXResourcesBuildPhase;
			buildActionMask = 2147483647;
			files = (
				F80089B219E987F1004BB11A /* chomp.wav in Resources */,
				F800899419E987C4004BB11A /* Main.storyboard in Resources */,
				F800899919E987C4004BB11A /* LaunchScreen.xib in Resources */,
				F800899619E987C4004BB11A /* Images.xcassets in Resources */,
				F80089B419E987F1004BB11A /* monkey_1.png in Resources */,
				F80089B319E987F1004BB11A /* hehehe1.wav in Resources */,
				F80089B519E987F1004BB11A /* object_bananabunch.png in Resources */,
			);
			runOnlyForDeploymentPostprocessing = 0;
		};
		F800899C19E987C4004BB11A /* Resources */ = {
			isa = PBXResourcesBuildPhase;
			buildActionMask = 2147483647;
			files = (
			);
			runOnlyForDeploymentPostprocessing = 0;
		};
/* End PBXResourcesBuildPhase section */

/* Begin PBXSourcesBuildPhase section */
		F800898119E987C4004BB11A /* Sources */ = {
			isa = PBXSourcesBuildPhase;
			buildActionMask = 2147483647;
			files = (
				F800899119E987C4004BB11A /* ViewController.m in Sources */,
				F800898E19E987C4004BB11A /* AppDelegate.m in Sources */,
				F800898B19E987C4004BB11A /* main.m in Sources */,
			);
			runOnlyForDeploymentPostprocessing = 0;
		};
		F800899A19E987C4004BB11A /* Sources */ = {
			isa = PBXSourcesBuildPhase;
			buildActionMask = 2147483647;
			files = (
				F80089A519E987C4004BB11A /* GestosTests.m in Sources */,
			);
			runOnlyForDeploymentPostprocessing = 0;
		};
/* End PBXSourcesBuildPhase section */

/* Begin PBXTargetDependency section */
		F80089A019E987C4004BB11A /* PBXTargetDependency */ = {
			isa = PBXTargetDependency;
			target = F800898419E987C4004BB11A /* Gestos */;
			targetProxy = F800899F19E987C4004BB11A /* PBXContainerItemProxy */;
		};
/* End PBXTargetDependency section */

/* Begin PBXVariantGroup section */
		F800899219E987C4004BB11A /* Main.storyboard */ = {
			isa = PBXVariantGroup;
			children = (
				F800899319E987C4004BB11A /* Base */,
			);
			name = Main.storyboard;
			sourceTree = "<group>";
		};
		F800899719E987C4004BB11A /* LaunchScreen.xib */ = {
			isa = PBXVariantGroup;
			children = (
				F800899819E987C4004BB11A /* Base */,
			);
			name = LaunchScreen.xib;
			sourceTree = "<group>";
		};
/* End PBXVariantGroup section */

/* Begin XCBuildConfiguration section */
		F80089A619E987C4004BB11A /* Debug */ = {
			isa = XCBuildConfiguration;
			buildSettings = {
				ALWAYS_SEARCH_USER_PATHS = NO;
				CLANG_CXX_LANGUAGE_STANDARD = "gnu++0x";
				CLANG_CXX_LIBRARY = "libc++";
				CLANG_ENABLE_MODULES = YES;
				CLANG_ENABLE_OBJC_ARC = YES;
				CLANG_WARN_BOOL_CONVERSION = YES;
				CLANG_WARN_CONSTANT_CONVERSION = YES;
				CLANG_WARN_DIRECT_OBJC_ISA_USAGE = YES_ERROR;
				CLANG_WARN_EMPTY_BODY = YES;
				CLANG_WARN_ENUM_CONVERSION = YES;
				CLANG_WARN_INT_CONVERSION = YES;
				CLANG_WARN_OBJC_ROOT_CLASS = YES_ERROR;
				CLANG_WARN_UNREACHABLE_CODE = YES;
				CLANG_WARN__DUPLICATE_METHOD_MATCH = YES;
				"CODE_SIGN_IDENTITY[sdk=iphoneos*]" = "iPhone Developer";
				COPY_PHASE_STRIP = NO;
				ENABLE_STRICT_OBJC_MSGSEND = YES;
				GCC_C_LANGUAGE_STANDARD = gnu99;
				GCC_DYNAMIC_NO_PIC = NO;
				GCC_OPTIMIZATION_LEVEL = 0;
				GCC_PREPROCESSOR_DEFINITIONS = (
					"DEBUG=1",
					"$(inherited)",
				);
				GCC_SYMBOLS_PRIVATE_EXTERN = NO;
				GCC_WARN_64_TO_32_BIT_CONVERSION = YES;
				GCC_WARN_ABOUT_RETURN_TYPE = YES_ERROR;
				GCC_WARN_UNDECLARED_SELECTOR = YES;
				GCC_WARN_UNINITIALIZED_AUTOS = YES_AGGRESSIVE;
				GCC_WARN_UNUSED_FUNCTION = YES;
				GCC_WARN_UNUSED_VARIABLE = YES;
				IPHONEOS_DEPLOYMENT_TARGET = 8.1;
				MTL_ENABLE_DEBUG_INFO = YES;
				ONLY_ACTIVE_ARCH = YES;
				SDKROOT = iphoneos;
			};
			name = Debug;
		};
		F80089A719E987C4004BB11A /* Release */ = {
			isa = XCBuildConfiguration;
			buildSettings = {
				ALWAYS_SEARCH_USER_PATHS = NO;
				CLANG_CXX_LANGUAGE_STANDARD = "gnu++0x";
				CLANG_CXX_LIBRARY = "libc++";
				CLANG_ENABLE_MODULES = YES;
				CLANG_ENABLE_OBJC_ARC = YES;
				CLANG_WARN_BOOL_CONVERSION = YES;
				CLANG_WARN_CONSTANT_CONVERSION = YES;
				CLANG_WARN_DIRECT_OBJC_ISA_USAGE = YES_ERROR;
				CLANG_WARN_EMPTY_BODY = YES;
				CLANG_WARN_ENUM_CONVERSION = YES;
				CLANG_WARN_INT_CONVERSION = YES;
				CLANG_WARN_OBJC_ROOT_CLASS = YES_ERROR;
				CLANG_WARN_UNREACHABLE_CODE = YES;
				CLANG_WARN__DUPLICATE_METHOD_MATCH = YES;
				"CODE_SIGN_IDENTITY[sdk=iphoneos*]" = "iPhone Developer";
				COPY_PHASE_STRIP = YES;
				ENABLE_NS_ASSERTIONS = NO;
				ENABLE_STRICT_OBJC_MSGSEND = YES;
				GCC_C_LANGUAGE_STANDARD = gnu99;
				GCC_WARN_64_TO_32_BIT_CONVERSION = YES;
				GCC_WARN_ABOUT_RETURN_TYPE = YES_ERROR;
				GCC_WARN_UNDECLARED_SELECTOR = YES;
				GCC_WARN_UNINITIALIZED_AUTOS = YES_AGGRESSIVE;
				GCC_WARN_UNUSED_FUNCTION = YES;
				GCC_WARN_UNUSED_VARIABLE = YES;
				IPHONEOS_DEPLOYMENT_TARGET = 8.1;
				MTL_ENABLE_DEBUG_INFO = NO;
				SDKROOT = iphoneos;
				VALIDATE_PRODUCT = YES;
			};
			name = Release;
		};
		F80089A919E987C4004BB11A /* Debug */ = {
			isa = XCBuildConfiguration;
			buildSettings = {
				ASSETCATALOG_COMPILER_APPICON_NAME = AppIcon;
				INFOPLIST_FILE = Gestos/Info.plist;
				IPHONEOS_DEPLOYMENT_TARGET = 7.1;
				LD_RUNPATH_SEARCH_PATHS = "$(inherited) @executable_path/Frameworks";
				PRODUCT_NAME = "$(TARGET_NAME)";
			};
			name = Debug;
		};
		F80089AA19E987C4004BB11A /* Release */ = {
			isa = XCBuildConfiguration;
			buildSettings = {
				ASSETCATALOG_COMPILER_APPICON_NAME = AppIcon;
				INFOPLIST_FILE = Gestos/Info.plist;
				IPHONEOS_DEPLOYMENT_TARGET = 7.1;
				LD_RUNPATH_SEARCH_PATHS = "$(inherited) @executable_path/Frameworks";
				PRODUCT_NAME = "$(TARGET_NAME)";
			};
			name = Release;
		};
		F80089AC19E987C4004BB11A /* Debug */ = {
			isa = XCBuildConfiguration;
			buildSettings = {
				BUNDLE_LOADER = "$(TEST_HOST)";
				FRAMEWORK_SEARCH_PATHS = (
					"$(SDKROOT)/Developer/Library/Frameworks",
					"$(inherited)",
				);
				GCC_PREPROCESSOR_DEFINITIONS = (
					"DEBUG=1",
					"$(inherited)",
				);
				INFOPLIST_FILE = GestosTests/Info.plist;
				LD_RUNPATH_SEARCH_PATHS = "$(inherited) @executable_path/Frameworks @loader_path/Frameworks";
				PRODUCT_NAME = "$(TARGET_NAME)";
				TEST_HOST = "$(BUILT_PRODUCTS_DIR)/Gestos.app/Gestos";
			};
			name = Debug;
		};
		F80089AD19E987C4004BB11A /* Release */ = {
			isa = XCBuildConfiguration;
			buildSettings = {
				BUNDLE_LOADER = "$(TEST_HOST)";
				FRAMEWORK_SEARCH_PATHS = (
					"$(SDKROOT)/Developer/Library/Frameworks",
					"$(inherited)",
				);
				INFOPLIST_FILE = GestosTests/Info.plist;
				LD_RUNPATH_SEARCH_PATHS = "$(inherited) @executable_path/Frameworks @loader_path/Frameworks";
				PRODUCT_NAME = "$(TARGET_NAME)";
				TEST_HOST = "$(BUILT_PRODUCTS_DIR)/Gestos.app/Gestos";
			};
			name = Release;
		};
/* End XCBuildConfiguration section */

/* Begin XCConfigurationList section */
		F800898019E987C4004BB11A /* Build configuration list for PBXProject "Gestos" */ = {
			isa = XCConfigurationList;
			buildConfigurations = (
				F80089A619E987C4004BB11A /* Debug */,
				F80089A719E987C4004BB11A /* Release */,
			);
			defaultConfigurationIsVisible = 0;
			defaultConfigurationName = Release;
		};
		F80089A819E987C4004BB11A /* Build configuration list for PBXNativeTarget "Gestos" */ = {
			isa = XCConfigurationList;
			buildConfigurations = (
				F80089A919E987C4004BB11A /* Debug */,
				F80089AA19E987C4004BB11A /* Release */,
			);
			defaultConfigurationIsVisible = 0;
		};
		F80089AB19E987C4004BB11A /* Build configuration list for PBXNativeTarget "GestosTests" */ = {
			isa = XCConfigurationList;
			buildConfigurations = (
				F80089AC19E987C4004BB11A /* Debug */,
				F80089AD19E987C4004BB11A /* Release */,
			);
			defaultConfigurationIsVisible = 0;
		};
/* End XCConfigurationList section */
	};
	rootObject = F800897D19E987C4004BB11A /* Project object */;
}
