// !$*UTF8*$!
{
	archiveVersion = 1;
	classes = {
	};
	objectVersion = 46;
	objects = {

/* Begin PBXBuildFile section */
		F832E26F19CB900B0031F6D6 /* main.m in Sources */ = {isa = PBXBuildFile; fileRef = F832E26E19CB900B0031F6D6 /* main.m */; };
		F832E27219CB900B0031F6D6 /* AppDelegate.m in Sources */ = {isa = PBXBuildFile; fileRef = F832E27119CB900B0031F6D6 /* AppDelegate.m */; };
		F832E27519CB900B0031F6D6 /* ViewController.m in Sources */ = {isa = PBXBuildFile; fileRef = F832E27419CB900B0031F6D6 /* ViewController.m */; };
		F832E27819CB900B0031F6D6 /* Main.storyboard in Resources */ = {isa = PBXBuildFile; fileRef = F832E27619CB900B0031F6D6 /* Main.storyboard */; };
		F832E27A19CB900B0031F6D6 /* Images.xcassets in Resources */ = {isa = PBXBuildFile; fileRef = F832E27919CB900B0031F6D6 /* Images.xcassets */; };
		F832E27D19CB900B0031F6D6 /* LaunchScreen.xib in Resources */ = {isa = PBXBuildFile; fileRef = F832E27B19CB900B0031F6D6 /* LaunchScreen.xib */; };
		F832E28919CB900B0031F6D6 /* Tipos_de_datosTests.m in Sources */ = {isa = PBXBuildFile; fileRef = F832E28819CB900B0031F6D6 /* Tipos_de_datosTests.m */; };
/* End PBXBuildFile section */

/* Begin PBXContainerItemProxy section */
		F832E28319CB900B0031F6D6 /* PBXContainerItemProxy */ = {
			isa = PBXContainerItemProxy;
			containerPortal = F832E26119CB900B0031F6D6 /* Project object */;
			proxyType = 1;
			remoteGlobalIDString = F832E26819CB900B0031F6D6;
			remoteInfo = "Tipos de datos";
		};
/* End PBXContainerItemProxy section */

/* Begin PBXFileReference section */
		F832E26919CB900B0031F6D6 /* Tipos de datos.app */ = {isa = PBXFileReference; explicitFileType = wrapper.application; includeInIndex = 0; path = "Tipos de datos.app"; sourceTree = BUILT_PRODUCTS_DIR; };
		F832E26D19CB900B0031F6D6 /* Info.plist */ = {isa = PBXFileReference; lastKnownFileType = text.plist.xml; path = Info.plist; sourceTree = "<group>"; };
		F832E26E19CB900B0031F6D6 /* main.m */ = {isa = PBXFileReference; lastKnownFileType = sourcecode.c.objc; path = main.m; sourceTree = "<group>"; };
		F832E27019CB900B0031F6D6 /* AppDelegate.h */ = {isa = PBXFileReference; lastKnownFileType = sourcecode.c.h; path = AppDelegate.h; sourceTree = "<group>"; };
		F832E27119CB900B0031F6D6 /* AppDelegate.m */ = {isa = PBXFileReference; lastKnownFileType = sourcecode.c.objc; path = AppDelegate.m; sourceTree = "<group>"; };
		F832E27319CB900B0031F6D6 /* ViewController.h */ = {isa = PBXFileReference; lastKnownFileType = sourcecode.c.h; path = ViewController.h; sourceTree = "<group>"; };
		F832E27419CB900B0031F6D6 /* ViewController.m */ = {isa = PBXFileReference; lastKnownFileType = sourcecode.c.objc; path = ViewController.m; sourceTree = "<group>"; };
		F832E27719CB900B0031F6D6 /* Base */ = {isa = PBXFileReference; lastKnownFileType = file.storyboard; name = Base; path = Base.lproj/Main.storyboard; sourceTree = "<group>"; };
		F832E27919CB900B0031F6D6 /* Images.xcassets */ = {isa = PBXFileReference; lastKnownFileType = folder.assetcatalog; path = Images.xcassets; sourceTree = "<group>"; };
		F832E27C19CB900B0031F6D6 /* Base */ = {isa = PBXFileReference; lastKnownFileType = file.xib; name = Base; path = Base.lproj/LaunchScreen.xib; sourceTree = "<group>"; };
		F832E28219CB900B0031F6D6 /* Tipos de datosTests.xctest */ = {isa = PBXFileReference; explicitFileType = wrapper.cfbundle; includeInIndex = 0; path = "Tipos de datosTests.xctest"; sourceTree = BUILT_PRODUCTS_DIR; };
		F832E28719CB900B0031F6D6 /* Info.plist */ = {isa = PBXFileReference; lastKnownFileType = text.plist.xml; path = Info.plist; sourceTree = "<group>"; };
		F832E28819CB900B0031F6D6 /* Tipos_de_datosTests.m */ = {isa = PBXFileReference; lastKnownFileType = sourcecode.c.objc; path = Tipos_de_datosTests.m; sourceTree = "<group>"; };
/* End PBXFileReference section */

/* Begin PBXFrameworksBuildPhase section */
		F832E26619CB900B0031F6D6 /* Frameworks */ = {
			isa = PBXFrameworksBuildPhase;
			buildActionMask = 2147483647;
			files = (
			);
			runOnlyForDeploymentPostprocessing = 0;
		};
		F832E27F19CB900B0031F6D6 /* Frameworks */ = {
			isa = PBXFrameworksBuildPhase;
			buildActionMask = 2147483647;
			files = (
			);
			runOnlyForDeploymentPostprocessing = 0;
		};
/* End PBXFrameworksBuildPhase section */

/* Begin PBXGroup section */
		F832E26019CB900B0031F6D6 = {
			isa = PBXGroup;
			children = (
				F832E26B19CB900B0031F6D6 /* Tipos de datos */,
				F832E28519CB900B0031F6D6 /* Tipos de datosTests */,
				F832E26A19CB900B0031F6D6 /* Products */,
			);
			sourceTree = "<group>";
		};
		F832E26A19CB900B0031F6D6 /* Products */ = {
			isa = PBXGroup;
			children = (
				F832E26919CB900B0031F6D6 /* Tipos de datos.app */,
				F832E28219CB900B0031F6D6 /* Tipos de datosTests.xctest */,
			);
			name = Products;
			sourceTree = "<group>";
		};
		F832E26B19CB900B0031F6D6 /* Tipos de datos */ = {
			isa = PBXGroup;
			children = (
				F832E27019CB900B0031F6D6 /* AppDelegate.h */,
				F832E27119CB900B0031F6D6 /* AppDelegate.m */,
				F832E27319CB900B0031F6D6 /* ViewController.h */,
				F832E27419CB900B0031F6D6 /* ViewController.m */,
				F832E27619CB900B0031F6D6 /* Main.storyboard */,
				F832E27919CB900B0031F6D6 /* Images.xcassets */,
				F832E27B19CB900B0031F6D6 /* LaunchScreen.xib */,
				F832E26C19CB900B0031F6D6 /* Supporting Files */,
			);
			path = "Tipos de datos";
			sourceTree = "<group>";
		};
		F832E26C19CB900B0031F6D6 /* Supporting Files */ = {
			isa = PBXGroup;
			children = (
				F832E26D19CB900B0031F6D6 /* Info.plist */,
				F832E26E19CB900B0031F6D6 /* main.m */,
			);
			name = "Supporting Files";
			sourceTree = "<group>";
		};
		F832E28519CB900B0031F6D6 /* Tipos de datosTests */ = {
			isa = PBXGroup;
			children = (
				F832E28819CB900B0031F6D6 /* Tipos_de_datosTests.m */,
				F832E28619CB900B0031F6D6 /* Supporting Files */,
			);
			path = "Tipos de datosTests";
			sourceTree = "<group>";
		};
		F832E28619CB900B0031F6D6 /* Supporting Files */ = {
			isa = PBXGroup;
			children = (
				F832E28719CB900B0031F6D6 /* Info.plist */,
			);
			name = "Supporting Files";
			sourceTree = "<group>";
		};
/* End PBXGroup section */

/* Begin PBXNativeTarget section */
		F832E26819CB900B0031F6D6 /* Tipos de datos */ = {
			isa = PBXNativeTarget;
			buildConfigurationList = F832E28C19CB900B0031F6D6 /* Build configuration list for PBXNativeTarget "Tipos de datos" */;
			buildPhases = (
				F832E26519CB900B0031F6D6 /* Sources */,
				F832E26619CB900B0031F6D6 /* Frameworks */,
				F832E26719CB900B0031F6D6 /* Resources */,
			);
			buildRules = (
			);
			dependencies = (
			);
			name = "Tipos de datos";
			productName = "Tipos de datos";
			productReference = F832E26919CB900B0031F6D6 /* Tipos de datos.app */;
			productType = "com.apple.product-type.application";
		};
		F832E28119CB900B0031F6D6 /* Tipos de datosTests */ = {
			isa = PBXNativeTarget;
			buildConfigurationList = F832E28F19CB900B0031F6D6 /* Build configuration list for PBXNativeTarget "Tipos de datosTests" */;
			buildPhases = (
				F832E27E19CB900B0031F6D6 /* Sources */,
				F832E27F19CB900B0031F6D6 /* Frameworks */,
				F832E28019CB900B0031F6D6 /* Resources */,
			);
			buildRules = (
			);
			dependencies = (
				F832E28419CB900B0031F6D6 /* PBXTargetDependency */,
			);
			name = "Tipos de datosTests";
			productName = "Tipos de datosTests";
			productReference = F832E28219CB900B0031F6D6 /* Tipos de datosTests.xctest */;
			productType = "com.apple.product-type.bundle.unit-test";
		};
/* End PBXNativeTarget section */

/* Begin PBXProject section */
		F832E26119CB900B0031F6D6 /* Project object */ = {
			isa = PBXProject;
			attributes = {
				LastUpgradeCheck = 0600;
				ORGANIZATIONNAME = Profesor;
				TargetAttributes = {
					F832E26819CB900B0031F6D6 = {
						CreatedOnToolsVersion = 6.0;
					};
					F832E28119CB900B0031F6D6 = {
						CreatedOnToolsVersion = 6.0;
						TestTargetID = F832E26819CB900B0031F6D6;
					};
				};
			};
			buildConfigurationList = F832E26419CB900B0031F6D6 /* Build configuration list for PBXProject "Tipos de datos" */;
			compatibilityVersion = "Xcode 3.2";
			developmentRegion = English;
			hasScannedForEncodings = 0;
			knownRegions = (
				en,
				Base,
			);
			mainGroup = F832E26019CB900B0031F6D6;
			productRefGroup = F832E26A19CB900B0031F6D6 /* Products */;
			projectDirPath = "";
			projectRoot = "";
			targets = (
				F832E26819CB900B0031F6D6 /* Tipos de datos */,
				F832E28119CB900B0031F6D6 /* Tipos de datosTests */,
			);
		};
/* End PBXProject section */

/* Begin PBXResourcesBuildPhase section */
		F832E26719CB900B0031F6D6 /* Resources */ = {
			isa = PBXResourcesBuildPhase;
			buildActionMask = 2147483647;
			files = (
				F832E27819CB900B0031F6D6 /* Main.storyboard in Resources */,
				F832E27D19CB900B0031F6D6 /* LaunchScreen.xib in Resources */,
				F832E27A19CB900B0031F6D6 /* Images.xcassets in Resources */,
			);
			runOnlyForDeploymentPostprocessing = 0;
		};
		F832E28019CB900B0031F6D6 /* Resources */ = {
			isa = PBXResourcesBuildPhase;
			buildActionMask = 2147483647;
			files = (
			);
			runOnlyForDeploymentPostprocessing = 0;
		};
/* End PBXResourcesBuildPhase section */

/* Begin PBXSourcesBuildPhase section */
		F832E26519CB900B0031F6D6 /* Sources */ = {
			isa = PBXSourcesBuildPhase;
			buildActionMask = 2147483647;
			files = (
				F832E27519CB900B0031F6D6 /* ViewController.m in Sources */,
				F832E27219CB900B0031F6D6 /* AppDelegate.m in Sources */,
				F832E26F19CB900B0031F6D6 /* main.m in Sources */,
			);
			runOnlyForDeploymentPostprocessing = 0;
		};
		F832E27E19CB900B0031F6D6 /* Sources */ = {
			isa = PBXSourcesBuildPhase;
			buildActionMask = 2147483647;
			files = (
				F832E28919CB900B0031F6D6 /* Tipos_de_datosTests.m in Sources */,
			);
			runOnlyForDeploymentPostprocessing = 0;
		};
/* End PBXSourcesBuildPhase section */

/* Begin PBXTargetDependency section */
		F832E28419CB900B0031F6D6 /* PBXTargetDependency */ = {
			isa = PBXTargetDependency;
			target = F832E26819CB900B0031F6D6 /* Tipos de datos */;
			targetProxy = F832E28319CB900B0031F6D6 /* PBXContainerItemProxy */;
		};
/* End PBXTargetDependency section */

/* Begin PBXVariantGroup section */
		F832E27619CB900B0031F6D6 /* Main.storyboard */ = {
			isa = PBXVariantGroup;
			children = (
				F832E27719CB900B0031F6D6 /* Base */,
			);
			name = Main.storyboard;
			sourceTree = "<group>";
		};
		F832E27B19CB900B0031F6D6 /* LaunchScreen.xib */ = {
			isa = PBXVariantGroup;
			children = (
				F832E27C19CB900B0031F6D6 /* Base */,
			);
			name = LaunchScreen.xib;
			sourceTree = "<group>";
		};
/* End PBXVariantGroup section */

/* Begin XCBuildConfiguration section */
		F832E28A19CB900B0031F6D6 /* Debug */ = {
			isa = XCBuildConfiguration;
			buildSettings = {
				ALWAYS_SEARCH_USER_PATHS = NO;
				CLANG_CXX_LANGUAGE_STANDARD = "gnu++0x";
				CLANG_CXX_LIBRARY = "libc++";
				CLANG_ENABLE_MODULES = YES;
				CLANG_ENABLE_OBJC_ARC = YES;
				CLANG_WARN_BOOL_CONVERSION = YES;
				CLANG_WARN_CONSTANT_CONVERSION = YES;
				CLANG_WARN_DIRECT_OBJC_ISA_USAGE = YES_ERROR;
				CLANG_WARN_EMPTY_BODY = YES;
				CLANG_WARN_ENUM_CONVERSION = YES;
				CLANG_WARN_INT_CONVERSION = YES;
				CLANG_WARN_OBJC_ROOT_CLASS = YES_ERROR;
				CLANG_WARN_UNREACHABLE_CODE = YES;
				CLANG_WARN__DUPLICATE_METHOD_MATCH = YES;
				"CODE_SIGN_IDENTITY[sdk=iphoneos*]" = "iPhone Developer";
				COPY_PHASE_STRIP = NO;
				ENABLE_STRICT_OBJC_MSGSEND = YES;
				GCC_C_LANGUAGE_STANDARD = gnu99;
				GCC_DYNAMIC_NO_PIC = NO;
				GCC_OPTIMIZATION_LEVEL = 0;
				GCC_PREPROCESSOR_DEFINITIONS = (
					"DEBUG=1",
					"$(inherited)",
				);
				GCC_SYMBOLS_PRIVATE_EXTERN = NO;
				GCC_WARN_64_TO_32_BIT_CONVERSION = YES;
				GCC_WARN_ABOUT_RETURN_TYPE = YES_ERROR;
				GCC_WARN_UNDECLARED_SELECTOR = YES;
				GCC_WARN_UNINITIALIZED_AUTOS = YES_AGGRESSIVE;
				GCC_WARN_UNUSED_FUNCTION = YES;
				GCC_WARN_UNUSED_VARIABLE = YES;
				IPHONEOS_DEPLOYMENT_TARGET = 8.0;
				MTL_ENABLE_DEBUG_INFO = YES;
				ONLY_ACTIVE_ARCH = YES;
				SDKROOT = iphoneos;
			};
			name = Debug;
		};
		F832E28B19CB900B0031F6D6 /* Release */ = {
			isa = XCBuildConfiguration;
			buildSettings = {
				ALWAYS_SEARCH_USER_PATHS = NO;
				CLANG_CXX_LANGUAGE_STANDARD = "gnu++0x";
				CLANG_CXX_LIBRARY = "libc++";
				CLANG_ENABLE_MODULES = YES;
				CLANG_ENABLE_OBJC_ARC = YES;
				CLANG_WARN_BOOL_CONVERSION = YES;
				CLANG_WARN_CONSTANT_CONVERSION = YES;
				CLANG_WARN_DIRECT_OBJC_ISA_USAGE = YES_ERROR;
				CLANG_WARN_EMPTY_BODY = YES;
				CLANG_WARN_ENUM_CONVERSION = YES;
				CLANG_WARN_INT_CONVERSION = YES;
				CLANG_WARN_OBJC_ROOT_CLASS = YES_ERROR;
				CLANG_WARN_UNREACHABLE_CODE = YES;
				CLANG_WARN__DUPLICATE_METHOD_MATCH = YES;
				"CODE_SIGN_IDENTITY[sdk=iphoneos*]" = "iPhone Developer";
				COPY_PHASE_STRIP = YES;
				ENABLE_NS_ASSERTIONS = NO;
				ENABLE_STRICT_OBJC_MSGSEND = YES;
				GCC_C_LANGUAGE_STANDARD = gnu99;
				GCC_WARN_64_TO_32_BIT_CONVERSION = YES;
				GCC_WARN_ABOUT_RETURN_TYPE = YES_ERROR;
				GCC_WARN_UNDECLARED_SELECTOR = YES;
				GCC_WARN_UNINITIALIZED_AUTOS = YES_AGGRESSIVE;
				GCC_WARN_UNUSED_FUNCTION = YES;
				GCC_WARN_UNUSED_VARIABLE = YES;
				IPHONEOS_DEPLOYMENT_TARGET = 8.0;
				MTL_ENABLE_DEBUG_INFO = NO;
				SDKROOT = iphoneos;
				VALIDATE_PRODUCT = YES;
			};
			name = Release;
		};
		F832E28D19CB900B0031F6D6 /* Debug */ = {
			isa = XCBuildConfiguration;
			buildSettings = {
				ASSETCATALOG_COMPILER_APPICON_NAME = AppIcon;
				INFOPLIST_FILE = "Tipos de datos/Info.plist";
				IPHONEOS_DEPLOYMENT_TARGET = 7.1;
				LD_RUNPATH_SEARCH_PATHS = "$(inherited) @executable_path/Frameworks";
				PRODUCT_NAME = "$(TARGET_NAME)";
			};
			name = Debug;
		};
		F832E28E19CB900B0031F6D6 /* Release */ = {
			isa = XCBuildConfiguration;
			buildSettings = {
				ASSETCATALOG_COMPILER_APPICON_NAME = AppIcon;
				INFOPLIST_FILE = "Tipos de datos/Info.plist";
				IPHONEOS_DEPLOYMENT_TARGET = 7.1;
				LD_RUNPATH_SEARCH_PATHS = "$(inherited) @executable_path/Frameworks";
				PRODUCT_NAME = "$(TARGET_NAME)";
			};
			name = Release;
		};
		F832E29019CB900B0031F6D6 /* Debug */ = {
			isa = XCBuildConfiguration;
			buildSettings = {
				BUNDLE_LOADER = "$(TEST_HOST)";
				FRAMEWORK_SEARCH_PATHS = (
					"$(SDKROOT)/Developer/Library/Frameworks",
					"$(inherited)",
				);
				GCC_PREPROCESSOR_DEFINITIONS = (
					"DEBUG=1",
					"$(inherited)",
				);
				INFOPLIST_FILE = "Tipos de datosTests/Info.plist";
				LD_RUNPATH_SEARCH_PATHS = "$(inherited) @executable_path/Frameworks @loader_path/Frameworks";
				PRODUCT_NAME = "$(TARGET_NAME)";
				TEST_HOST = "$(BUILT_PRODUCTS_DIR)/Tipos de datos.app/Tipos de datos";
			};
			name = Debug;
		};
		F832E29119CB900B0031F6D6 /* Release */ = {
			isa = XCBuildConfiguration;
			buildSettings = {
				BUNDLE_LOADER = "$(TEST_HOST)";
				FRAMEWORK_SEARCH_PATHS = (
					"$(SDKROOT)/Developer/Library/Frameworks",
					"$(inherited)",
				);
				INFOPLIST_FILE = "Tipos de datosTests/Info.plist";
				LD_RUNPATH_SEARCH_PATHS = "$(inherited) @executable_path/Frameworks @loader_path/Frameworks";
				PRODUCT_NAME = "$(TARGET_NAME)";
				TEST_HOST = "$(BUILT_PRODUCTS_DIR)/Tipos de datos.app/Tipos de datos";
			};
			name = Release;
		};
/* End XCBuildConfiguration section */

/* Begin XCConfigurationList section */
		F832E26419CB900B0031F6D6 /* Build configuration list for PBXProject "Tipos de datos" */ = {
			isa = XCConfigurationList;
			buildConfigurations = (
				F832E28A19CB900B0031F6D6 /* Debug */,
				F832E28B19CB900B0031F6D6 /* Release */,
			);
			defaultConfigurationIsVisible = 0;
			defaultConfigurationName = Release;
		};
		F832E28C19CB900B0031F6D6 /* Build configuration list for PBXNativeTarget "Tipos de datos" */ = {
			isa = XCConfigurationList;
			buildConfigurations = (
				F832E28D19CB900B0031F6D6 /* Debug */,
				F832E28E19CB900B0031F6D6 /* Release */,
			);
			defaultConfigurationIsVisible = 0;
		};
		F832E28F19CB900B0031F6D6 /* Build configuration list for PBXNativeTarget "Tipos de datosTests" */ = {
			isa = XCConfigurationList;
			buildConfigurations = (
				F832E29019CB900B0031F6D6 /* Debug */,
				F832E29119CB900B0031F6D6 /* Release */,
			);
			defaultConfigurationIsVisible = 0;
		};
/* End XCConfigurationList section */
	};
	rootObject = F832E26119CB900B0031F6D6 /* Project object */;
}
